
Microsoft Visual Studio Solution File, Format Version 12.00
# Visual Studio Version 16
VisualStudioVersion = 16.0.31424.327
MinimumVisualStudioVersion = 10.0.40219.1
Project("{FAE04EC0-301F-11D3-BF4B-00C04F79EFBC}") = "ejercicio 1", "ejercicio 1\ejercicio 1.csproj", "{D5BD53E4-DA7C-48C6-9C5D-DA512BD83F3B}"
EndProject
Global
	GlobalSection(SolutionConfigurationPlatforms) = preSolution
		Debug|Any CPU = Debug|Any CPU
		Release|Any CPU = Release|Any CPU
	EndGlobalSection
	GlobalSection(ProjectConfigurationPlatforms) = postSolution
		{D5BD53E4-DA7C-48C6-9C5D-DA512BD83F3B}.Debug|Any CPU.ActiveCfg = Debug|Any CPU
		{D5BD53E4-DA7C-48C6-9C5D-DA512BD83F3B}.Debug|Any CPU.Build.0 = Debug|Any CPU
		{D5BD53E4-DA7C-48C6-9C5D-DA512BD83F3B}.Release|Any CPU.ActiveCfg = Release|Any CPU
		{D5BD53E4-DA7C-48C6-9C5D-DA512BD83F3B}.Release|Any CPU.Build.0 = Release|Any CPU
	EndGlobalSection
	GlobalSection(SolutionProperties) = preSolution
		HideSolutionNode = FALSE
	EndGlobalSection
	GlobalSection(ExtensibilityGlobals) = postSolution
		SolutionGuid = {B87AD050-F0FA-404D-BAD3-93E56FFC062C}
	EndGlobalSection
EndGlobal
